
Microsoft Visual Studio Solution File, Format Version 12.00
# Visual Studio 14
VisualStudioVersion = 14.0.23107.0
MinimumVisualStudioVersion = 10.0.40219.1
Project("{FAE04EC0-301F-11D3-BF4B-00C04F79EFBC}") = "MyCms_Model", "MyCms_Model\MyCms_Model.csproj", "{BF1E3D75-048B-45FE-BC84-2CD6C1C883E9}"
EndProject
Project("{FAE04EC0-301F-11D3-BF4B-00C04F79EFBC}") = "Zlib", "ZLib\Zlib.csproj", "{5762BFB7-503D-4090-95C9-2C58EC2FDCD2}"
EndProject
Project("{FAE04EC0-301F-11D3-BF4B-00C04F79EFBC}") = "MyCms_BLL", "MyCms_BLL\MyCms_BLL.csproj", "{BF159321-9D20-42DC-B720-89A02EFE6B67}"
EndProject
Project("{FAE04EC0-301F-11D3-BF4B-00C04F79EFBC}") = "MyCms_DAL", "MyCms_DAL\MyCms_DAL.csproj", "{03013D03-5B4E-4CA1-984A-5BF74176FBF2}"
EndProject
Project("{FAE04EC0-301F-11D3-BF4B-00C04F79EFBC}") = "SysBase", "SysBase\SysBase.csproj", "{67FB3F95-2EEE-4CC4-BD4C-9E70876B63DB}"
EndProject
Project("{FAE04EC0-301F-11D3-BF4B-00C04F79EFBC}") = "MyCmsWEB", "MyCmsWEB\MyCmsWEB.csproj", "{6FF165CF-154E-491F-93FD-6490A66B2008}"
EndProject
Global
	GlobalSection(SolutionConfigurationPlatforms) = preSolution
		Debug|Any CPU = Debug|Any CPU
		Release|Any CPU = Release|Any CPU
	EndGlobalSection
	GlobalSection(ProjectConfigurationPlatforms) = postSolution
		{BF1E3D75-048B-45FE-BC84-2CD6C1C883E9}.Debug|Any CPU.ActiveCfg = Debug|Any CPU
		{BF1E3D75-048B-45FE-BC84-2CD6C1C883E9}.Debug|Any CPU.Build.0 = Debug|Any CPU
		{BF1E3D75-048B-45FE-BC84-2CD6C1C883E9}.Release|Any CPU.ActiveCfg = Release|Any CPU
		{BF1E3D75-048B-45FE-BC84-2CD6C1C883E9}.Release|Any CPU.Build.0 = Release|Any CPU
		{5762BFB7-503D-4090-95C9-2C58EC2FDCD2}.Debug|Any CPU.ActiveCfg = Debug|Any CPU
		{5762BFB7-503D-4090-95C9-2C58EC2FDCD2}.Debug|Any CPU.Build.0 = Debug|Any CPU
		{5762BFB7-503D-4090-95C9-2C58EC2FDCD2}.Release|Any CPU.ActiveCfg = Release|Any CPU
		{5762BFB7-503D-4090-95C9-2C58EC2FDCD2}.Release|Any CPU.Build.0 = Release|Any CPU
		{BF159321-9D20-42DC-B720-89A02EFE6B67}.Debug|Any CPU.ActiveCfg = Debug|Any CPU
		{BF159321-9D20-42DC-B720-89A02EFE6B67}.Debug|Any CPU.Build.0 = Debug|Any CPU
		{BF159321-9D20-42DC-B720-89A02EFE6B67}.Release|Any CPU.ActiveCfg = Release|Any CPU
		{BF159321-9D20-42DC-B720-89A02EFE6B67}.Release|Any CPU.Build.0 = Release|Any CPU
		{03013D03-5B4E-4CA1-984A-5BF74176FBF2}.Debug|Any CPU.ActiveCfg = Debug|Any CPU
		{03013D03-5B4E-4CA1-984A-5BF74176FBF2}.Debug|Any CPU.Build.0 = Debug|Any CPU
		{03013D03-5B4E-4CA1-984A-5BF74176FBF2}.Release|Any CPU.ActiveCfg = Release|Any CPU
		{03013D03-5B4E-4CA1-984A-5BF74176FBF2}.Release|Any CPU.Build.0 = Release|Any CPU
		{67FB3F95-2EEE-4CC4-BD4C-9E70876B63DB}.Debug|Any CPU.ActiveCfg = Debug|Any CPU
		{67FB3F95-2EEE-4CC4-BD4C-9E70876B63DB}.Debug|Any CPU.Build.0 = Debug|Any CPU
		{67FB3F95-2EEE-4CC4-BD4C-9E70876B63DB}.Release|Any CPU.ActiveCfg = Release|Any CPU
		{67FB3F95-2EEE-4CC4-BD4C-9E70876B63DB}.Release|Any CPU.Build.0 = Release|Any CPU
		{6FF165CF-154E-491F-93FD-6490A66B2008}.Debug|Any CPU.ActiveCfg = Debug|Any CPU
		{6FF165CF-154E-491F-93FD-6490A66B2008}.Debug|Any CPU.Build.0 = Debug|Any CPU
		{6FF165CF-154E-491F-93FD-6490A66B2008}.Release|Any CPU.ActiveCfg = Release|Any CPU
		{6FF165CF-154E-491F-93FD-6490A66B2008}.Release|Any CPU.Build.0 = Release|Any CPU
	EndGlobalSection
	GlobalSection(SolutionProperties) = preSolution
		HideSolutionNode = FALSE
	EndGlobalSection
EndGlobal
